// !$*UTF8*$!
{
	archiveVersion = 1;
	classes = {
	};
	objectVersion = 50;
	objects = {

/* Begin PBXBuildFile section */
		02788E433AC62C7BC853FC5B /* Pods_RideshareFirebase.framework in Frameworks */ = {isa = PBXBuildFile; fileRef = 76875E501B06B50CF85A839D /* Pods_RideshareFirebase.framework */; };
		1409B7922136353500B8D35E /* PickupController.swift in Sources */ = {isa = PBXBuildFile; fileRef = 1409B7912136353500B8D35E /* PickupController.swift */; };
		1431AACD21379FB000E48F78 /* PickupController_MapView.swift in Sources */ = {isa = PBXBuildFile; fileRef = 1431AACC21379FB000E48F78 /* PickupController_MapView.swift */; };
		1431AACF2137F85700E48F78 /* HomeController_Driver.swift in Sources */ = {isa = PBXBuildFile; fileRef = 1431AACE2137F85700E48F78 /* HomeController_Driver.swift */; };
		1466DB482111A4CE00EDB812 /* UpdateCoordinateService.swift in Sources */ = {isa = PBXBuildFile; fileRef = 1466DB472111A4CE00EDB812 /* UpdateCoordinateService.swift */; };
		1466DB4A2111AFFB00EDB812 /* DriverAnnotation.swift in Sources */ = {isa = PBXBuildFile; fileRef = 1466DB492111AFFB00EDB812 /* DriverAnnotation.swift */; };
		148697122109967C0093FACA /* AppDelegate.swift in Sources */ = {isa = PBXBuildFile; fileRef = 148697112109967C0093FACA /* AppDelegate.swift */; };
		148697142109967C0093FACA /* HomeController.swift in Sources */ = {isa = PBXBuildFile; fileRef = 148697132109967C0093FACA /* HomeController.swift */; };
		148697172109967C0093FACA /* Main.storyboard in Resources */ = {isa = PBXBuildFile; fileRef = 148697152109967C0093FACA /* Main.storyboard */; };
		14869719210996800093FACA /* Assets.xcassets in Resources */ = {isa = PBXBuildFile; fileRef = 14869718210996800093FACA /* Assets.xcassets */; };
		1486971C210996800093FACA /* LaunchScreen.storyboard in Resources */ = {isa = PBXBuildFile; fileRef = 1486971A210996800093FACA /* LaunchScreen.storyboard */; };
		14BA9D1B21339EA900D5B7FE /* SearchResultCell.swift in Sources */ = {isa = PBXBuildFile; fileRef = 14BA9D1A21339EA900D5B7FE /* SearchResultCell.swift */; };
		14BA9D1D21339EE200D5B7FE /* HomeController_TableView.swift in Sources */ = {isa = PBXBuildFile; fileRef = 14BA9D1C21339EE200D5B7FE /* HomeController_TableView.swift */; };
		14BA9D1F2133B3B800D5B7FE /* PassengerAnnotation.swift in Sources */ = {isa = PBXBuildFile; fileRef = 14BA9D1E2133B3B800D5B7FE /* PassengerAnnotation.swift */; };
		14CE28BE210C479D00EB3ED5 /* LoginController.swift in Sources */ = {isa = PBXBuildFile; fileRef = 14CE28BD210C479D00EB3ED5 /* LoginController.swift */; };
		14EBB6A42132A32000F66F74 /* HomeController_SearchTextField.swift in Sources */ = {isa = PBXBuildFile; fileRef = 14EBB6A32132A32000F66F74 /* HomeController_SearchTextField.swift */; };
		14EED8BC210AC77C00C123EC /* MenuLauncher.swift in Sources */ = {isa = PBXBuildFile; fileRef = 14EED8BB210AC77C00C123EC /* MenuLauncher.swift */; };
		14EED8C2210AE90B00C123EC /* UserInfoView.swift in Sources */ = {isa = PBXBuildFile; fileRef = 14EED8C1210AE90B00C123EC /* UserInfoView.swift */; };
		14EED8C4210B305500C123EC /* MenuBarView.swift in Sources */ = {isa = PBXBuildFile; fileRef = 14EED8C3210B305500C123EC /* MenuBarView.swift */; };
		14EF35E6210ED4F20032DC0A /* GoogleService-Info.plist in Resources */ = {isa = PBXBuildFile; fileRef = 14EF35E5210ED4F20032DC0A /* GoogleService-Info.plist */; };
		14EF35E9210ED62C0032DC0A /* FirebaseSignInManager.swift in Sources */ = {isa = PBXBuildFile; fileRef = 14EF35E8210ED62C0032DC0A /* FirebaseSignInManager.swift */; };
		14EF35EC210EE0350032DC0A /* User.swift in Sources */ = {isa = PBXBuildFile; fileRef = 14EF35EB210EE0350032DC0A /* User.swift */; };
		14EF35EE210EE6640032DC0A /* LoginController_handleAuth.swift in Sources */ = {isa = PBXBuildFile; fileRef = 14EF35ED210EE6640032DC0A /* LoginController_handleAuth.swift */; };
		14F2F1D021103180000E3C40 /* MenuButtonStackView.swift in Sources */ = {isa = PBXBuildFile; fileRef = 14F2F1CF21103180000E3C40 /* MenuButtonStackView.swift */; };
		14F2F1D421105759000E3C40 /* HomeController_MapView.swift in Sources */ = {isa = PBXBuildFile; fileRef = 14F2F1D321105759000E3C40 /* HomeController_MapView.swift */; };
/* End PBXBuildFile section */

/* Begin PBXFileReference section */
		1409B7912136353500B8D35E /* PickupController.swift */ = {isa = PBXFileReference; lastKnownFileType = sourcecode.swift; path = PickupController.swift; sourceTree = "<group>"; };
		1431AACC21379FB000E48F78 /* PickupController_MapView.swift */ = {isa = PBXFileReference; lastKnownFileType = sourcecode.swift; path = PickupController_MapView.swift; sourceTree = "<group>"; };
		1431AACE2137F85700E48F78 /* HomeController_Driver.swift */ = {isa = PBXFileReference; lastKnownFileType = sourcecode.swift; path = HomeController_Driver.swift; sourceTree = "<group>"; };
		1466DB472111A4CE00EDB812 /* UpdateCoordinateService.swift */ = {isa = PBXFileReference; lastKnownFileType = sourcecode.swift; path = UpdateCoordinateService.swift; sourceTree = "<group>"; };
		1466DB492111AFFB00EDB812 /* DriverAnnotation.swift */ = {isa = PBXFileReference; lastKnownFileType = sourcecode.swift; path = DriverAnnotation.swift; sourceTree = "<group>"; };
		1486970E2109967B0093FACA /* RideshareFirebase.app */ = {isa = PBXFileReference; explicitFileType = wrapper.application; includeInIndex = 0; path = RideshareFirebase.app; sourceTree = BUILT_PRODUCTS_DIR; };
		148697112109967C0093FACA /* AppDelegate.swift */ = {isa = PBXFileReference; lastKnownFileType = sourcecode.swift; path = AppDelegate.swift; sourceTree = "<group>"; };
		148697132109967C0093FACA /* HomeController.swift */ = {isa = PBXFileReference; lastKnownFileType = sourcecode.swift; path = HomeController.swift; sourceTree = "<group>"; };
		148697162109967C0093FACA /* Base */ = {isa = PBXFileReference; lastKnownFileType = file.storyboard; name = Base; path = Base.lproj/Main.storyboard; sourceTree = "<group>"; };
		14869718210996800093FACA /* Assets.xcassets */ = {isa = PBXFileReference; lastKnownFileType = folder.assetcatalog; path = Assets.xcassets; sourceTree = "<group>"; };
		1486971B210996800093FACA /* Base */ = {isa = PBXFileReference; lastKnownFileType = file.storyboard; name = Base; path = Base.lproj/LaunchScreen.storyboard; sourceTree = "<group>"; };
		1486971D210996800093FACA /* Info.plist */ = {isa = PBXFileReference; lastKnownFileType = text.plist.xml; path = Info.plist; sourceTree = "<group>"; };
		14BA9D1A21339EA900D5B7FE /* SearchResultCell.swift */ = {isa = PBXFileReference; lastKnownFileType = sourcecode.swift; path = SearchResultCell.swift; sourceTree = "<group>"; };
		14BA9D1C21339EE200D5B7FE /* HomeController_TableView.swift */ = {isa = PBXFileReference; lastKnownFileType = sourcecode.swift; path = HomeController_TableView.swift; sourceTree = "<group>"; };
		14BA9D1E2133B3B800D5B7FE /* PassengerAnnotation.swift */ = {isa = PBXFileReference; lastKnownFileType = sourcecode.swift; path = PassengerAnnotation.swift; sourceTree = "<group>"; };
		14CE28BD210C479D00EB3ED5 /* LoginController.swift */ = {isa = PBXFileReference; lastKnownFileType = sourcecode.swift; path = LoginController.swift; sourceTree = "<group>"; };
		14EBB6A32132A32000F66F74 /* HomeController_SearchTextField.swift */ = {isa = PBXFileReference; lastKnownFileType = sourcecode.swift; path = HomeController_SearchTextField.swift; sourceTree = "<group>"; };
		14EED8BB210AC77C00C123EC /* MenuLauncher.swift */ = {isa = PBXFileReference; lastKnownFileType = sourcecode.swift; path = MenuLauncher.swift; sourceTree = "<group>"; };
		14EED8C1210AE90B00C123EC /* UserInfoView.swift */ = {isa = PBXFileReference; lastKnownFileType = sourcecode.swift; path = UserInfoView.swift; sourceTree = "<group>"; };
		14EED8C3210B305500C123EC /* MenuBarView.swift */ = {isa = PBXFileReference; lastKnownFileType = sourcecode.swift; path = MenuBarView.swift; sourceTree = "<group>"; };
		14EF35E5210ED4F20032DC0A /* GoogleService-Info.plist */ = {isa = PBXFileReference; fileEncoding = 4; lastKnownFileType = text.plist.xml; path = "GoogleService-Info.plist"; sourceTree = "<group>"; };
		14EF35E8210ED62C0032DC0A /* FirebaseSignInManager.swift */ = {isa = PBXFileReference; lastKnownFileType = sourcecode.swift; path = FirebaseSignInManager.swift; sourceTree = "<group>"; };
		14EF35EB210EE0350032DC0A /* User.swift */ = {isa = PBXFileReference; lastKnownFileType = sourcecode.swift; path = User.swift; sourceTree = "<group>"; };
		14EF35ED210EE6640032DC0A /* LoginController_handleAuth.swift */ = {isa = PBXFileReference; lastKnownFileType = sourcecode.swift; path = LoginController_handleAuth.swift; sourceTree = "<group>"; };
		14F2F1CF21103180000E3C40 /* MenuButtonStackView.swift */ = {isa = PBXFileReference; lastKnownFileType = sourcecode.swift; path = MenuButtonStackView.swift; sourceTree = "<group>"; };
		14F2F1D321105759000E3C40 /* HomeController_MapView.swift */ = {isa = PBXFileReference; lastKnownFileType = sourcecode.swift; path = HomeController_MapView.swift; sourceTree = "<group>"; };
		362EE09B4329C595EFBF9D2D /* Pods-RideshareFirebase.debug.xcconfig */ = {isa = PBXFileReference; includeInIndex = 1; lastKnownFileType = text.xcconfig; name = "Pods-RideshareFirebase.debug.xcconfig"; path = "Pods/Target Support Files/Pods-RideshareFirebase/Pods-RideshareFirebase.debug.xcconfig"; sourceTree = "<group>"; };
		76875E501B06B50CF85A839D /* Pods_RideshareFirebase.framework */ = {isa = PBXFileReference; explicitFileType = wrapper.framework; includeInIndex = 0; path = Pods_RideshareFirebase.framework; sourceTree = BUILT_PRODUCTS_DIR; };
		B54F29671E815BEC271D5845 /* Pods-RideshareFirebase.release.xcconfig */ = {isa = PBXFileReference; includeInIndex = 1; lastKnownFileType = text.xcconfig; name = "Pods-RideshareFirebase.release.xcconfig"; path = "Pods/Target Support Files/Pods-RideshareFirebase/Pods-RideshareFirebase.release.xcconfig"; sourceTree = "<group>"; };
/* End PBXFileReference section */

/* Begin PBXFrameworksBuildPhase section */
		1486970B2109967B0093FACA /* Frameworks */ = {
			isa = PBXFrameworksBuildPhase;
			buildActionMask = 2147483647;
			files = (
				02788E433AC62C7BC853FC5B /* Pods_RideshareFirebase.framework in Frameworks */,
			);
			runOnlyForDeploymentPostprocessing = 0;
		};
/* End PBXFrameworksBuildPhase section */

/* Begin PBXGroup section */
		1466DB462111A4AE00EDB812 /* Service */ = {
			isa = PBXGroup;
			children = (
				1466DB472111A4CE00EDB812 /* UpdateCoordinateService.swift */,
				14EF35E8210ED62C0032DC0A /* FirebaseSignInManager.swift */,
			);
			path = Service;
			sourceTree = "<group>";
		};
		148697052109967B0093FACA = {
			isa = PBXGroup;
			children = (
				148697102109967B0093FACA /* RideshareFirebase */,
				1486970F2109967B0093FACA /* Products */,
				BF9E0AD3C5229635FD104818 /* Pods */,
				2F03C172A4DCD994D965B792 /* Frameworks */,
			);
			sourceTree = "<group>";
		};
		1486970F2109967B0093FACA /* Products */ = {
			isa = PBXGroup;
			children = (
				1486970E2109967B0093FACA /* RideshareFirebase.app */,
			);
			name = Products;
			sourceTree = "<group>";
		};
		148697102109967B0093FACA /* RideshareFirebase */ = {
			isa = PBXGroup;
			children = (
				1466DB462111A4AE00EDB812 /* Service */,
				14EF35EA210EE0240032DC0A /* Model */,
				14CE28BC210C41DC00EB3ED5 /* View */,
				14CE28BB210C41D300EB3ED5 /* Controller */,
				148697112109967C0093FACA /* AppDelegate.swift */,
				14EF35E5210ED4F20032DC0A /* GoogleService-Info.plist */,
				148697152109967C0093FACA /* Main.storyboard */,
				14869718210996800093FACA /* Assets.xcassets */,
				1486971A210996800093FACA /* LaunchScreen.storyboard */,
				1486971D210996800093FACA /* Info.plist */,
			);
			path = RideshareFirebase;
			sourceTree = "<group>";
		};
		14CE28BB210C41D300EB3ED5 /* Controller */ = {
			isa = PBXGroup;
			children = (
				148697132109967C0093FACA /* HomeController.swift */,
				1431AACE2137F85700E48F78 /* HomeController_Driver.swift */,
				14F2F1D321105759000E3C40 /* HomeController_MapView.swift */,
				14EBB6A32132A32000F66F74 /* HomeController_SearchTextField.swift */,
				14BA9D1C21339EE200D5B7FE /* HomeController_TableView.swift */,
				14CE28BD210C479D00EB3ED5 /* LoginController.swift */,
				14EF35ED210EE6640032DC0A /* LoginController_handleAuth.swift */,
				1409B7912136353500B8D35E /* PickupController.swift */,
				1431AACC21379FB000E48F78 /* PickupController_MapView.swift */,
			);
			path = Controller;
			sourceTree = "<group>";
		};
		14CE28BC210C41DC00EB3ED5 /* View */ = {
			isa = PBXGroup;
			children = (
				14F2F1D2211047D8000E3C40 /* MenuBar */,
				14BA9D1A21339EA900D5B7FE /* SearchResultCell.swift */,
			);
			path = View;
			sourceTree = "<group>";
		};
		14EF35EA210EE0240032DC0A /* Model */ = {
			isa = PBXGroup;
			children = (
				14EF35EB210EE0350032DC0A /* User.swift */,
				1466DB492111AFFB00EDB812 /* DriverAnnotation.swift */,
				14BA9D1E2133B3B800D5B7FE /* PassengerAnnotation.swift */,
			);
			path = Model;
			sourceTree = "<group>";
		};
		14F2F1D2211047D8000E3C40 /* MenuBar */ = {
			isa = PBXGroup;
			children = (
				14EED8BB210AC77C00C123EC /* MenuLauncher.swift */,
				14EED8C3210B305500C123EC /* MenuBarView.swift */,
				14EED8C1210AE90B00C123EC /* UserInfoView.swift */,
				14F2F1CF21103180000E3C40 /* MenuButtonStackView.swift */,
			);
			name = MenuBar;
			path = "New Group";
			sourceTree = "<group>";
		};
		2F03C172A4DCD994D965B792 /* Frameworks */ = {
			isa = PBXGroup;
			children = (
				76875E501B06B50CF85A839D /* Pods_RideshareFirebase.framework */,
			);
			name = Frameworks;
			sourceTree = "<group>";
		};
		BF9E0AD3C5229635FD104818 /* Pods */ = {
			isa = PBXGroup;
			children = (
				362EE09B4329C595EFBF9D2D /* Pods-RideshareFirebase.debug.xcconfig */,
				B54F29671E815BEC271D5845 /* Pods-RideshareFirebase.release.xcconfig */,
			);
			name = Pods;
			sourceTree = "<group>";
		};
/* End PBXGroup section */

/* Begin PBXNativeTarget section */
		1486970D2109967B0093FACA /* RideshareFirebase */ = {
			isa = PBXNativeTarget;
			buildConfigurationList = 14869720210996800093FACA /* Build configuration list for PBXNativeTarget "RideshareFirebase" */;
			buildPhases = (
				5E5A4245701D192F6C8F8596 /* [CP] Check Pods Manifest.lock */,
				1486970A2109967B0093FACA /* Sources */,
				1486970B2109967B0093FACA /* Frameworks */,
				1486970C2109967B0093FACA /* Resources */,
				8B1B1F9DC3B5E331C620E630 /* [CP] Embed Pods Frameworks */,
			);
			buildRules = (
			);
			dependencies = (
			);
			name = RideshareFirebase;
			productName = RideshareFirebase;
			productReference = 1486970E2109967B0093FACA /* RideshareFirebase.app */;
			productType = "com.apple.product-type.application";
		};
/* End PBXNativeTarget section */

/* Begin PBXProject section */
		148697062109967B0093FACA /* Project object */ = {
			isa = PBXProject;
			attributes = {
				LastSwiftUpdateCheck = 0940;
				LastUpgradeCheck = 0940;
				ORGANIZATIONNAME = SEAN;
				TargetAttributes = {
					1486970D2109967B0093FACA = {
						CreatedOnToolsVersion = 9.4.1;
					};
				};
			};
			buildConfigurationList = 148697092109967B0093FACA /* Build configuration list for PBXProject "RideshareFirebase" */;
			compatibilityVersion = "Xcode 9.3";
			developmentRegion = en;
			hasScannedForEncodings = 0;
			knownRegions = (
				en,
				Base,
			);
			mainGroup = 148697052109967B0093FACA;
			productRefGroup = 1486970F2109967B0093FACA /* Products */;
			projectDirPath = "";
			projectRoot = "";
			targets = (
				1486970D2109967B0093FACA /* RideshareFirebase */,
			);
		};
/* End PBXProject section */

/* Begin PBXResourcesBuildPhase section */
		1486970C2109967B0093FACA /* Resources */ = {
			isa = PBXResourcesBuildPhase;
			buildActionMask = 2147483647;
			files = (
				1486971C210996800093FACA /* LaunchScreen.storyboard in Resources */,
				14EF35E6210ED4F20032DC0A /* GoogleService-Info.plist in Resources */,
				14869719210996800093FACA /* Assets.xcassets in Resources */,
				148697172109967C0093FACA /* Main.storyboard in Resources */,
			);
			runOnlyForDeploymentPostprocessing = 0;
		};
/* End PBXResourcesBuildPhase section */

/* Begin PBXShellScriptBuildPhase section */
		5E5A4245701D192F6C8F8596 /* [CP] Check Pods Manifest.lock */ = {
			isa = PBXShellScriptBuildPhase;
			buildActionMask = 2147483647;
			files = (
			);
			inputPaths = (
				"${PODS_PODFILE_DIR_PATH}/Podfile.lock",
				"${PODS_ROOT}/Manifest.lock",
			);
			name = "[CP] Check Pods Manifest.lock";
			outputPaths = (
				"$(DERIVED_FILE_DIR)/Pods-RideshareFirebase-checkManifestLockResult.txt",
			);
			runOnlyForDeploymentPostprocessing = 0;
			shellPath = /bin/sh;
			shellScript = "diff \"${PODS_PODFILE_DIR_PATH}/Podfile.lock\" \"${PODS_ROOT}/Manifest.lock\" > /dev/null\nif [ $? != 0 ] ; then\n    # print error to STDERR\n    echo \"error: The sandbox is not in sync with the Podfile.lock. Run 'pod install' or update your CocoaPods installation.\" >&2\n    exit 1\nfi\n# This output is used by Xcode 'outputs' to avoid re-running this script phase.\necho \"SUCCESS\" > \"${SCRIPT_OUTPUT_FILE_0}\"\n";
			showEnvVarsInLog = 0;
		};
		8B1B1F9DC3B5E331C620E630 /* [CP] Embed Pods Frameworks */ = {
			isa = PBXShellScriptBuildPhase;
			buildActionMask = 2147483647;
			files = (
			);
			inputPaths = (
				"${SRCROOT}/Pods/Target Support Files/Pods-RideshareFirebase/Pods-RideshareFirebase-frameworks.sh",
				"${BUILT_PRODUCTS_DIR}/GTMSessionFetcher/GTMSessionFetcher.framework",
				"${BUILT_PRODUCTS_DIR}/GoogleToolboxForMac/GoogleToolboxForMac.framework",
				"${BUILT_PRODUCTS_DIR}/RevealingSplashView/RevealingSplashView.framework",
				"${BUILT_PRODUCTS_DIR}/leveldb-library/leveldb.framework",
				"${BUILT_PRODUCTS_DIR}/nanopb/nanopb.framework",
			);
			name = "[CP] Embed Pods Frameworks";
			outputPaths = (
				"${TARGET_BUILD_DIR}/${FRAMEWORKS_FOLDER_PATH}/GTMSessionFetcher.framework",
				"${TARGET_BUILD_DIR}/${FRAMEWORKS_FOLDER_PATH}/GoogleToolboxForMac.framework",
				"${TARGET_BUILD_DIR}/${FRAMEWORKS_FOLDER_PATH}/RevealingSplashView.framework",
				"${TARGET_BUILD_DIR}/${FRAMEWORKS_FOLDER_PATH}/leveldb.framework",
				"${TARGET_BUILD_DIR}/${FRAMEWORKS_FOLDER_PATH}/nanopb.framework",
			);
			runOnlyForDeploymentPostprocessing = 0;
			shellPath = /bin/sh;
			shellScript = "\"${SRCROOT}/Pods/Target Support Files/Pods-RideshareFirebase/Pods-RideshareFirebase-frameworks.sh\"\n";
			showEnvVarsInLog = 0;
		};
/* End PBXShellScriptBuildPhase section */

/* Begin PBXSourcesBuildPhase section */
		1486970A2109967B0093FACA /* Sources */ = {
			isa = PBXSourcesBuildPhase;
			buildActionMask = 2147483647;
			files = (
				14F2F1D021103180000E3C40 /* MenuButtonStackView.swift in Sources */,
				148697142109967C0093FACA /* HomeController.swift in Sources */,
				14CE28BE210C479D00EB3ED5 /* LoginController.swift in Sources */,
				14EED8BC210AC77C00C123EC /* MenuLauncher.swift in Sources */,
				14BA9D1B21339EA900D5B7FE /* SearchResultCell.swift in Sources */,
				1466DB4A2111AFFB00EDB812 /* DriverAnnotation.swift in Sources */,
				1431AACF2137F85700E48F78 /* HomeController_Driver.swift in Sources */,
				1431AACD21379FB000E48F78 /* PickupController_MapView.swift in Sources */,
				14EED8C4210B305500C123EC /* MenuBarView.swift in Sources */,
				14BA9D1F2133B3B800D5B7FE /* PassengerAnnotation.swift in Sources */,
				14EF35EC210EE0350032DC0A /* User.swift in Sources */,
				14BA9D1D21339EE200D5B7FE /* HomeController_TableView.swift in Sources */,
				1466DB482111A4CE00EDB812 /* UpdateCoordinateService.swift in Sources */,
				14EBB6A42132A32000F66F74 /* HomeController_SearchTextField.swift in Sources */,
				148697122109967C0093FACA /* AppDelegate.swift in Sources */,
				14EF35E9210ED62C0032DC0A /* FirebaseSignInManager.swift in Sources */,
				14F2F1D421105759000E3C40 /* HomeController_MapView.swift in Sources */,
				14EED8C2210AE90B00C123EC /* UserInfoView.swift in Sources */,
				14EF35EE210EE6640032DC0A /* LoginController_handleAuth.swift in Sources */,
				1409B7922136353500B8D35E /* PickupController.swift in Sources */,
			);
			runOnlyForDeploymentPostprocessing = 0;
		};
/* End PBXSourcesBuildPhase section */

/* Begin PBXVariantGroup section */
		148697152109967C0093FACA /* Main.storyboard */ = {
			isa = PBXVariantGroup;
			children = (
				148697162109967C0093FACA /* Base */,
			);
			name = Main.storyboard;
			sourceTree = "<group>";
		};
		1486971A210996800093FACA /* LaunchScreen.storyboard */ = {
			isa = PBXVariantGroup;
			children = (
				1486971B210996800093FACA /* Base */,
			);
			name = LaunchScreen.storyboard;
			sourceTree = "<group>";
		};
/* End PBXVariantGroup section */

/* Begin XCBuildConfiguration section */
		1486971E210996800093FACA /* Debug */ = {
			isa = XCBuildConfiguration;
			buildSettings = {
				ALWAYS_SEARCH_USER_PATHS = NO;
				CLANG_ANALYZER_NONNULL = YES;
				CLANG_ANALYZER_NUMBER_OBJECT_CONVERSION = YES_AGGRESSIVE;
				CLANG_CXX_LANGUAGE_STANDARD = "gnu++14";
				CLANG_CXX_LIBRARY = "libc++";
				CLANG_ENABLE_MODULES = YES;
				CLANG_ENABLE_OBJC_ARC = YES;
				CLANG_ENABLE_OBJC_WEAK = YES;
				CLANG_WARN_BLOCK_CAPTURE_AUTORELEASING = YES;
				CLANG_WARN_BOOL_CONVERSION = YES;
				CLANG_WARN_COMMA = YES;
				CLANG_WARN_CONSTANT_CONVERSION = YES;
				CLANG_WARN_DEPRECATED_OBJC_IMPLEMENTATIONS = YES;
				CLANG_WARN_DIRECT_OBJC_ISA_USAGE = YES_ERROR;
				CLANG_WARN_DOCUMENTATION_COMMENTS = YES;
				CLANG_WARN_EMPTY_BODY = YES;
				CLANG_WARN_ENUM_CONVERSION = YES;
				CLANG_WARN_INFINITE_RECURSION = YES;
				CLANG_WARN_INT_CONVERSION = YES;
				CLANG_WARN_NON_LITERAL_NULL_CONVERSION = YES;
				CLANG_WARN_OBJC_IMPLICIT_RETAIN_SELF = YES;
				CLANG_WARN_OBJC_LITERAL_CONVERSION = YES;
				CLANG_WARN_OBJC_ROOT_CLASS = YES_ERROR;
				CLANG_WARN_RANGE_LOOP_ANALYSIS = YES;
				CLANG_WARN_STRICT_PROTOTYPES = YES;
				CLANG_WARN_SUSPICIOUS_MOVE = YES;
				CLANG_WARN_UNGUARDED_AVAILABILITY = YES_AGGRESSIVE;
				CLANG_WARN_UNREACHABLE_CODE = YES;
				CLANG_WARN__DUPLICATE_METHOD_MATCH = YES;
				CODE_SIGN_IDENTITY = "iPhone Developer";
				COPY_PHASE_STRIP = NO;
				DEBUG_INFORMATION_FORMAT = dwarf;
				ENABLE_STRICT_OBJC_MSGSEND = YES;
				ENABLE_TESTABILITY = YES;
				GCC_C_LANGUAGE_STANDARD = gnu11;
				GCC_DYNAMIC_NO_PIC = NO;
				GCC_NO_COMMON_BLOCKS = YES;
				GCC_OPTIMIZATION_LEVEL = 0;
				GCC_PREPROCESSOR_DEFINITIONS = (
					"DEBUG=1",
					"$(inherited)",
				);
				GCC_WARN_64_TO_32_BIT_CONVERSION = YES;
				GCC_WARN_ABOUT_RETURN_TYPE = YES_ERROR;
				GCC_WARN_UNDECLARED_SELECTOR = YES;
				GCC_WARN_UNINITIALIZED_AUTOS = YES_AGGRESSIVE;
				GCC_WARN_UNUSED_FUNCTION = YES;
				GCC_WARN_UNUSED_VARIABLE = YES;
				IPHONEOS_DEPLOYMENT_TARGET = 11.4;
				MTL_ENABLE_DEBUG_INFO = YES;
				ONLY_ACTIVE_ARCH = YES;
				SDKROOT = iphoneos;
				SWIFT_ACTIVE_COMPILATION_CONDITIONS = DEBUG;
				SWIFT_OPTIMIZATION_LEVEL = "-Onone";
			};
			name = Debug;
		};
		1486971F210996800093FACA /* Release */ = {
			isa = XCBuildConfiguration;
			buildSettings = {
				ALWAYS_SEARCH_USER_PATHS = NO;
				CLANG_ANALYZER_NONNULL = YES;
				CLANG_ANALYZER_NUMBER_OBJECT_CONVERSION = YES_AGGRESSIVE;
				CLANG_CXX_LANGUAGE_STANDARD = "gnu++14";
				CLANG_CXX_LIBRARY = "libc++";
				CLANG_ENABLE_MODULES = YES;
				CLANG_ENABLE_OBJC_ARC = YES;
				CLANG_ENABLE_OBJC_WEAK = YES;
				CLANG_WARN_BLOCK_CAPTURE_AUTORELEASING = YES;
				CLANG_WARN_BOOL_CONVERSION = YES;
				CLANG_WARN_COMMA = YES;
				CLANG_WARN_CONSTANT_CONVERSION = YES;
				CLANG_WARN_DEPRECATED_OBJC_IMPLEMENTATIONS = YES;
				CLANG_WARN_DIRECT_OBJC_ISA_USAGE = YES_ERROR;
				CLANG_WARN_DOCUMENTATION_COMMENTS = YES;
				CLANG_WARN_EMPTY_BODY = YES;
				CLANG_WARN_ENUM_CONVERSION = YES;
				CLANG_WARN_INFINITE_RECURSION = YES;
				CLANG_WARN_INT_CONVERSION = YES;
				CLANG_WARN_NON_LITERAL_NULL_CONVERSION = YES;
				CLANG_WARN_OBJC_IMPLICIT_RETAIN_SELF = YES;
				CLANG_WARN_OBJC_LITERAL_CONVERSION = YES;
				CLANG_WARN_OBJC_ROOT_CLASS = YES_ERROR;
				CLANG_WARN_RANGE_LOOP_ANALYSIS = YES;
				CLANG_WARN_STRICT_PROTOTYPES = YES;
				CLANG_WARN_SUSPICIOUS_MOVE = YES;
				CLANG_WARN_UNGUARDED_AVAILABILITY = YES_AGGRESSIVE;
				CLANG_WARN_UNREACHABLE_CODE = YES;
				CLANG_WARN__DUPLICATE_METHOD_MATCH = YES;
				CODE_SIGN_IDENTITY = "iPhone Developer";
				COPY_PHASE_STRIP = NO;
				DEBUG_INFORMATION_FORMAT = "dwarf-with-dsym";
				ENABLE_NS_ASSERTIONS = NO;
				ENABLE_STRICT_OBJC_MSGSEND = YES;
				GCC_C_LANGUAGE_STANDARD = gnu11;
				GCC_NO_COMMON_BLOCKS = YES;
				GCC_WARN_64_TO_32_BIT_CONVERSION = YES;
				GCC_WARN_ABOUT_RETURN_TYPE = YES_ERROR;
				GCC_WARN_UNDECLARED_SELECTOR = YES;
				GCC_WARN_UNINITIALIZED_AUTOS = YES_AGGRESSIVE;
				GCC_WARN_UNUSED_FUNCTION = YES;
				GCC_WARN_UNUSED_VARIABLE = YES;
				IPHONEOS_DEPLOYMENT_TARGET = 11.4;
				MTL_ENABLE_DEBUG_INFO = NO;
				SDKROOT = iphoneos;
				SWIFT_COMPILATION_MODE = wholemodule;
				SWIFT_OPTIMIZATION_LEVEL = "-O";
				VALIDATE_PRODUCT = YES;
			};
			name = Release;
		};
		14869721210996800093FACA /* Debug */ = {
			isa = XCBuildConfiguration;
			baseConfigurationReference = 362EE09B4329C595EFBF9D2D /* Pods-RideshareFirebase.debug.xcconfig */;
			buildSettings = {
				ASSETCATALOG_COMPILER_APPICON_NAME = AppIcon;
				CODE_SIGN_STYLE = Automatic;
				DEVELOPMENT_TEAM = 3C8CYW7DN6;
				INFOPLIST_FILE = RideshareFirebase/Info.plist;
				LD_RUNPATH_SEARCH_PATHS = (
					"$(inherited)",
					"@executable_path/Frameworks",
				);
				PRODUCT_BUNDLE_IDENTIFIER = seanlin.RideshareFirebase;
				PRODUCT_NAME = "$(TARGET_NAME)";
				SWIFT_VERSION = 4.0;
				TARGETED_DEVICE_FAMILY = "1,2";
			};
			name = Debug;
		};
		14869722210996800093FACA /* Release */ = {
			isa = XCBuildConfiguration;
			baseConfigurationReference = B54F29671E815BEC271D5845 /* Pods-RideshareFirebase.release.xcconfig */;
			buildSettings = {
				ASSETCATALOG_COMPILER_APPICON_NAME = AppIcon;
				CODE_SIGN_STYLE = Automatic;
				DEVELOPMENT_TEAM = 3C8CYW7DN6;
				INFOPLIST_FILE = RideshareFirebase/Info.plist;
				LD_RUNPATH_SEARCH_PATHS = (
					"$(inherited)",
					"@executable_path/Frameworks",
				);
				PRODUCT_BUNDLE_IDENTIFIER = seanlin.RideshareFirebase;
				PRODUCT_NAME = "$(TARGET_NAME)";
				SWIFT_VERSION = 4.0;
				TARGETED_DEVICE_FAMILY = "1,2";
			};
			name = Release;
		};
/* End XCBuildConfiguration section */

/* Begin XCConfigurationList section */
		148697092109967B0093FACA /* Build configuration list for PBXProject "RideshareFirebase" */ = {
			isa = XCConfigurationList;
			buildConfigurations = (
				1486971E210996800093FACA /* Debug */,
				1486971F210996800093FACA /* Release */,
			);
			defaultConfigurationIsVisible = 0;
			defaultConfigurationName = Release;
		};
		14869720210996800093FACA /* Build configuration list for PBXNativeTarget "RideshareFirebase" */ = {
			isa = XCConfigurationList;
			buildConfigurations = (
				14869721210996800093FACA /* Debug */,
				14869722210996800093FACA /* Release */,
			);
			defaultConfigurationIsVisible = 0;
			defaultConfigurationName = Release;
		};
/* End XCConfigurationList section */
	};
	rootObject = 148697062109967B0093FACA /* Project object */;
}
